{
  "name": "test-nodejs-module",
  "version": "1.0.0",
  "lockfileVersion": 2,
  "requires": true,
  "packages": {
    "": {
      "name": "test-nodejs-module",
      "version": "1.0.0",
      "license": "ISC",
      "bin": {
        "vibe-generate-helm": "bin/vibe-deploy-prepare.js"
      },
      "engines": {
        "node": "~18.12.1",
        "npm": ">=8.19.2"
      }
    }
  }
}
